
Microsoft Visual Studio Solution File, Format Version 12.00
# Visual Studio Version 17
VisualStudioVersion = 17.8.34330.188
MinimumVisualStudioVersion = 10.0.40219.1
Project("{FAE04EC0-301F-11D3-BF4B-00C04F79EFBC}") = "BoxTrainingDesktop", "BoxTrainingDesktop\BoxTrainingDesktop.csproj", "{4538FDAF-A28C-4B08-8A82-497F29C65569}"
EndProject
Global
	GlobalSection(SolutionConfigurationPlatforms) = preSolution
		Debug|Any CPU = Debug|Any CPU
		Release|Any CPU = Release|Any CPU
	EndGlobalSection
	GlobalSection(ProjectConfigurationPlatforms) = postSolution
		{4538FDAF-A28C-4B08-8A82-497F29C65569}.Debug|Any CPU.ActiveCfg = Debug|Any CPU
		{4538FDAF-A28C-4B08-8A82-497F29C65569}.Debug|Any CPU.Build.0 = Debug|Any CPU
		{4538FDAF-A28C-4B08-8A82-497F29C65569}.Release|Any CPU.ActiveCfg = Release|Any CPU
		{4538FDAF-A28C-4B08-8A82-497F29C65569}.Release|Any CPU.Build.0 = Release|Any CPU
	EndGlobalSection
	GlobalSection(SolutionProperties) = preSolution
		HideSolutionNode = FALSE
	EndGlobalSection
	GlobalSection(ExtensibilityGlobals) = postSolution
		SolutionGuid = {8EB5708E-8385-43E9-B5A1-AC660E357667}
	EndGlobalSection
EndGlobal
